
Microsoft Visual Studio Solution File, Format Version 12.00
# Visual Studio Version 17
VisualStudioVersion = 17.2.32630.192
MinimumVisualStudioVersion = 10.0.40219.1
Project("{8BC9CEB8-8B4A-11D0-8D11-00A0C91BC942}") = "CncVxlRenderText", "CncVxlRenderText.vcxproj", "{BAE32EF7-4F88-40D8-8984-A2EAF14C0A63}"
EndProject
Global
	GlobalSection(SolutionConfigurationPlatforms) = preSolution
		Debug|x86 = Debug|x86
		Release|x86 = Release|x86
	EndGlobalSection
	GlobalSection(ProjectConfigurationPlatforms) = postSolution
		{BAE32EF7-4F88-40D8-8984-A2EAF14C0A63}.Debug|x86.ActiveCfg = Debug|Win32
		{BAE32EF7-4F88-40D8-8984-A2EAF14C0A63}.Debug|x86.Build.0 = Debug|Win32
		{BAE32EF7-4F88-40D8-8984-A2EAF14C0A63}.Release|x86.ActiveCfg = Release|Win32
		{BAE32EF7-4F88-40D8-8984-A2EAF14C0A63}.Release|x86.Build.0 = Release|Win32
	EndGlobalSection
	GlobalSection(SolutionProperties) = preSolution
		HideSolutionNode = FALSE
	EndGlobalSection
	GlobalSection(ExtensibilityGlobals) = postSolution
		SolutionGuid = {DFDD0B75-5E5D-4D3A-9CC2-886C0AA7CBE6}
	EndGlobalSection
EndGlobal
